
Microsoft Visual Studio Solution File, Format Version 12.00
# Visual Studio Version 16
VisualStudioVersion = 16.0.32228.343
MinimumVisualStudioVersion = 10.0.40219.1
Project("{FAE04EC0-301F-11D3-BF4B-00C04F79EFBC}") = "Food", "Food\Food.csproj", "{5285C66F-3506-4106-9559-DC4D931241E5}"
EndProject
Global
	GlobalSection(SolutionConfigurationPlatforms) = preSolution
		Debug|Any CPU = Debug|Any CPU
		Release|Any CPU = Release|Any CPU
	EndGlobalSection
	GlobalSection(ProjectConfigurationPlatforms) = postSolution
		{5285C66F-3506-4106-9559-DC4D931241E5}.Debug|Any CPU.ActiveCfg = Debug|Any CPU
		{5285C66F-3506-4106-9559-DC4D931241E5}.Debug|Any CPU.Build.0 = Debug|Any CPU
		{5285C66F-3506-4106-9559-DC4D931241E5}.Release|Any CPU.ActiveCfg = Release|Any CPU
		{5285C66F-3506-4106-9559-DC4D931241E5}.Release|Any CPU.Build.0 = Release|Any CPU
	EndGlobalSection
	GlobalSection(SolutionProperties) = preSolution
		HideSolutionNode = FALSE
	EndGlobalSection
	GlobalSection(ExtensibilityGlobals) = postSolution
		SolutionGuid = {C04C5AB0-26FB-4D09-8294-77E0CAE1575A}
	EndGlobalSection
EndGlobal
